
Microsoft Visual Studio Solution File, Format Version 12.00
# Visual Studio Version 16
VisualStudioVersion = 16.0.28803.352
MinimumVisualStudioVersion = 10.0.40219.1
Project("{FAE04EC0-301F-11D3-BF4B-00C04F79EFBC}") = "RegistroMedicoDetalle", "RegistroMedicoDetalle.csproj", "{CBF0E26E-A406-4D4B-A52A-B2FBFB4B266D}"
EndProject
Global
	GlobalSection(SolutionConfigurationPlatforms) = preSolution
		Debug|Any CPU = Debug|Any CPU
		Release|Any CPU = Release|Any CPU
	EndGlobalSection
	GlobalSection(ProjectConfigurationPlatforms) = postSolution
		{CBF0E26E-A406-4D4B-A52A-B2FBFB4B266D}.Debug|Any CPU.ActiveCfg = Debug|Any CPU
		{CBF0E26E-A406-4D4B-A52A-B2FBFB4B266D}.Debug|Any CPU.Build.0 = Debug|Any CPU
		{CBF0E26E-A406-4D4B-A52A-B2FBFB4B266D}.Release|Any CPU.ActiveCfg = Release|Any CPU
		{CBF0E26E-A406-4D4B-A52A-B2FBFB4B266D}.Release|Any CPU.Build.0 = Release|Any CPU
	EndGlobalSection
	GlobalSection(SolutionProperties) = preSolution
		HideSolutionNode = FALSE
	EndGlobalSection
	GlobalSection(ExtensibilityGlobals) = postSolution
		SolutionGuid = {2A9FC1B9-E4E7-4224-92E8-7718F36A8615}
	EndGlobalSection
EndGlobal
